
Microsoft Visual Studio Solution File, Format Version 12.00
# Visual Studio Version 17
VisualStudioVersion = 17.3.32811.315
MinimumVisualStudioVersion = 10.0.40219.1
Project("{FAE04EC0-301F-11D3-BF4B-00C04F79EFBC}") = "Rawaa_Api", "Rawaa_Api\Rawaa_Api.csproj", "{904B2F4D-FA02-402A-AF07-CA939049920D}"
EndProject
Global
	GlobalSection(SolutionConfigurationPlatforms) = preSolution
		Debug|Any CPU = Debug|Any CPU
		Release|Any CPU = Release|Any CPU
	EndGlobalSection
	GlobalSection(ProjectConfigurationPlatforms) = postSolution
		{904B2F4D-FA02-402A-AF07-CA939049920D}.Debug|Any CPU.ActiveCfg = Debug|Any CPU
		{904B2F4D-FA02-402A-AF07-CA939049920D}.Debug|Any CPU.Build.0 = Debug|Any CPU
		{904B2F4D-FA02-402A-AF07-CA939049920D}.Release|Any CPU.ActiveCfg = Release|Any CPU
		{904B2F4D-FA02-402A-AF07-CA939049920D}.Release|Any CPU.Build.0 = Release|Any CPU
	EndGlobalSection
	GlobalSection(SolutionProperties) = preSolution
		HideSolutionNode = FALSE
	EndGlobalSection
	GlobalSection(ExtensibilityGlobals) = postSolution
		SolutionGuid = {174B8851-F877-48DC-9F2E-E3EBDB36915E}
	EndGlobalSection
EndGlobal
